
Microsoft Visual Studio Solution File, Format Version 12.00
# Visual Studio Version 17
VisualStudioVersion = 17.12.35506.116 d17.12
MinimumVisualStudioVersion = 10.0.40219.1
Project("{8BC9CEB8-8B4A-11D0-8D11-00A0C91BC942}") = "PG3_Engine", "PG3_Engine.vcxproj", "{285A5FD1-701A-4B0C-BC1C-58D06E14EE0F}"
EndProject
Global
	GlobalSection(SolutionConfigurationPlatforms) = preSolution
		Debug|x64 = Debug|x64
		Release|x64 = Release|x64
	EndGlobalSection
	GlobalSection(ProjectConfigurationPlatforms) = postSolution
		{285A5FD1-701A-4B0C-BC1C-58D06E14EE0F}.Debug|x64.ActiveCfg = Debug|x64
		{285A5FD1-701A-4B0C-BC1C-58D06E14EE0F}.Debug|x64.Build.0 = Debug|x64
		{285A5FD1-701A-4B0C-BC1C-58D06E14EE0F}.Release|x64.ActiveCfg = Release|x64
		{285A5FD1-701A-4B0C-BC1C-58D06E14EE0F}.Release|x64.Build.0 = Release|x64
	EndGlobalSection
	GlobalSection(SolutionProperties) = preSolution
		HideSolutionNode = FALSE
	EndGlobalSection
EndGlobal
